
Microsoft Visual Studio Solution File, Format Version 12.00
# Visual Studio Version 17
VisualStudioVersion = 17.11.35303.130
MinimumVisualStudioVersion = 10.0.40219.1
Project("{9A19103F-16F7-4668-BE54-9A1E7A4F7556}") = "WinApp", "Src\Presentation\WinApp\WinApp.csproj", "{11A54D06-4FCF-4D26-A0B1-628597F64FCC}"
EndProject
Project("{2150E333-8FDC-42A3-9474-1A3956D46DE8}") = "Presentation", "Presentation", "{CE50C70A-D48C-43CC-B986-168E12EE9AC4}"
EndProject
Project("{2150E333-8FDC-42A3-9474-1A3956D46DE8}") = "Business", "Business", "{50F9C7C5-1288-4B59-9CAC-063E96E55771}"
EndProject
Project("{2150E333-8FDC-42A3-9474-1A3956D46DE8}") = "Infra", "Infra", "{6B620609-C912-4A62-9965-7567BD476817}"
EndProject
Project("{9A19103F-16F7-4668-BE54-9A1E7A4F7556}") = "Core", "Src\Business\Core\Core.csproj", "{44F02941-BA73-417C-9F1E-5D9B75FD0F4B}"
EndProject
Project("{9A19103F-16F7-4668-BE54-9A1E7A4F7556}") = "SqlServer", "Src\Infra\SqlServer\SqlServer.csproj", "{893A9290-5C62-4A3F-BBA1-5A6C5BF3473B}"
EndProject
Project("{9A19103F-16F7-4668-BE54-9A1E7A4F7556}") = "WebApp", "Src\Presentation\WebApp\WebApp.csproj", "{A5101DBB-A8F2-435C-AA77-2926706CAC77}"
EndProject
Project("{2150E333-8FDC-42A3-9474-1A3956D46DE8}") = "Solution Items", "Solution Items", "{94AB310F-8EBE-46FF-8898-140B89B33921}"
	ProjectSection(SolutionItems) = preProject
		Scripts\Publish.ps1 = Scripts\Publish.ps1
	EndProjectSection
EndProject
Global
	GlobalSection(SolutionConfigurationPlatforms) = preSolution
		Debug|Any CPU = Debug|Any CPU
		Debug|x64 = Debug|x64
		Debug|x86 = Debug|x86
		Release|Any CPU = Release|Any CPU
		Release|x64 = Release|x64
		Release|x86 = Release|x86
	EndGlobalSection
	GlobalSection(ProjectConfigurationPlatforms) = postSolution
		{11A54D06-4FCF-4D26-A0B1-628597F64FCC}.Debug|Any CPU.ActiveCfg = Debug|Any CPU
		{11A54D06-4FCF-4D26-A0B1-628597F64FCC}.Debug|Any CPU.Build.0 = Debug|Any CPU
		{11A54D06-4FCF-4D26-A0B1-628597F64FCC}.Debug|x64.ActiveCfg = Debug|Any CPU
		{11A54D06-4FCF-4D26-A0B1-628597F64FCC}.Debug|x64.Build.0 = Debug|Any CPU
		{11A54D06-4FCF-4D26-A0B1-628597F64FCC}.Debug|x86.ActiveCfg = Debug|Any CPU
		{11A54D06-4FCF-4D26-A0B1-628597F64FCC}.Debug|x86.Build.0 = Debug|Any CPU
		{11A54D06-4FCF-4D26-A0B1-628597F64FCC}.Release|Any CPU.ActiveCfg = Release|Any CPU
		{11A54D06-4FCF-4D26-A0B1-628597F64FCC}.Release|Any CPU.Build.0 = Release|Any CPU
		{11A54D06-4FCF-4D26-A0B1-628597F64FCC}.Release|x64.ActiveCfg = Release|Any CPU
		{11A54D06-4FCF-4D26-A0B1-628597F64FCC}.Release|x64.Build.0 = Release|Any CPU
		{11A54D06-4FCF-4D26-A0B1-628597F64FCC}.Release|x86.ActiveCfg = Release|Any CPU
		{11A54D06-4FCF-4D26-A0B1-628597F64FCC}.Release|x86.Build.0 = Release|Any CPU
		{44F02941-BA73-417C-9F1E-5D9B75FD0F4B}.Debug|Any CPU.ActiveCfg = Debug|Any CPU
		{44F02941-BA73-417C-9F1E-5D9B75FD0F4B}.Debug|Any CPU.Build.0 = Debug|Any CPU
		{44F02941-BA73-417C-9F1E-5D9B75FD0F4B}.Debug|x64.ActiveCfg = Debug|Any CPU
		{44F02941-BA73-417C-9F1E-5D9B75FD0F4B}.Debug|x64.Build.0 = Debug|Any CPU
		{44F02941-BA73-417C-9F1E-5D9B75FD0F4B}.Debug|x86.ActiveCfg = Debug|Any CPU
		{44F02941-BA73-417C-9F1E-5D9B75FD0F4B}.Debug|x86.Build.0 = Debug|Any CPU
		{44F02941-BA73-417C-9F1E-5D9B75FD0F4B}.Release|Any CPU.ActiveCfg = Release|Any CPU
		{44F02941-BA73-417C-9F1E-5D9B75FD0F4B}.Release|Any CPU.Build.0 = Release|Any CPU
		{44F02941-BA73-417C-9F1E-5D9B75FD0F4B}.Release|x64.ActiveCfg = Release|Any CPU
		{44F02941-BA73-417C-9F1E-5D9B75FD0F4B}.Release|x64.Build.0 = Release|Any CPU
		{44F02941-BA73-417C-9F1E-5D9B75FD0F4B}.Release|x86.ActiveCfg = Release|Any CPU
		{44F02941-BA73-417C-9F1E-5D9B75FD0F4B}.Release|x86.Build.0 = Release|Any CPU
		{893A9290-5C62-4A3F-BBA1-5A6C5BF3473B}.Debug|Any CPU.ActiveCfg = Debug|Any CPU
		{893A9290-5C62-4A3F-BBA1-5A6C5BF3473B}.Debug|Any CPU.Build.0 = Debug|Any CPU
		{893A9290-5C62-4A3F-BBA1-5A6C5BF3473B}.Debug|x64.ActiveCfg = Debug|Any CPU
		{893A9290-5C62-4A3F-BBA1-5A6C5BF3473B}.Debug|x64.Build.0 = Debug|Any CPU
		{893A9290-5C62-4A3F-BBA1-5A6C5BF3473B}.Debug|x86.ActiveCfg = Debug|Any CPU
		{893A9290-5C62-4A3F-BBA1-5A6C5BF3473B}.Debug|x86.Build.0 = Debug|Any CPU
		{893A9290-5C62-4A3F-BBA1-5A6C5BF3473B}.Release|Any CPU.ActiveCfg = Release|Any CPU
		{893A9290-5C62-4A3F-BBA1-5A6C5BF3473B}.Release|Any CPU.Build.0 = Release|Any CPU
		{893A9290-5C62-4A3F-BBA1-5A6C5BF3473B}.Release|x64.ActiveCfg = Release|Any CPU
		{893A9290-5C62-4A3F-BBA1-5A6C5BF3473B}.Release|x64.Build.0 = Release|Any CPU
		{893A9290-5C62-4A3F-BBA1-5A6C5BF3473B}.Release|x86.ActiveCfg = Release|Any CPU
		{893A9290-5C62-4A3F-BBA1-5A6C5BF3473B}.Release|x86.Build.0 = Release|Any CPU
		{A5101DBB-A8F2-435C-AA77-2926706CAC77}.Debug|Any CPU.ActiveCfg = Debug|Any CPU
		{A5101DBB-A8F2-435C-AA77-2926706CAC77}.Debug|Any CPU.Build.0 = Debug|Any CPU
		{A5101DBB-A8F2-435C-AA77-2926706CAC77}.Debug|x64.ActiveCfg = Debug|Any CPU
		{A5101DBB-A8F2-435C-AA77-2926706CAC77}.Debug|x64.Build.0 = Debug|Any CPU
		{A5101DBB-A8F2-435C-AA77-2926706CAC77}.Debug|x86.ActiveCfg = Debug|Any CPU
		{A5101DBB-A8F2-435C-AA77-2926706CAC77}.Debug|x86.Build.0 = Debug|Any CPU
		{A5101DBB-A8F2-435C-AA77-2926706CAC77}.Release|Any CPU.ActiveCfg = Release|Any CPU
		{A5101DBB-A8F2-435C-AA77-2926706CAC77}.Release|Any CPU.Build.0 = Release|Any CPU
		{A5101DBB-A8F2-435C-AA77-2926706CAC77}.Release|x64.ActiveCfg = Release|Any CPU
		{A5101DBB-A8F2-435C-AA77-2926706CAC77}.Release|x64.Build.0 = Release|Any CPU
		{A5101DBB-A8F2-435C-AA77-2926706CAC77}.Release|x86.ActiveCfg = Release|Any CPU
		{A5101DBB-A8F2-435C-AA77-2926706CAC77}.Release|x86.Build.0 = Release|Any CPU
	EndGlobalSection
	GlobalSection(SolutionProperties) = preSolution
		HideSolutionNode = FALSE
	EndGlobalSection
	GlobalSection(NestedProjects) = preSolution
		{11A54D06-4FCF-4D26-A0B1-628597F64FCC} = {CE50C70A-D48C-43CC-B986-168E12EE9AC4}
		{44F02941-BA73-417C-9F1E-5D9B75FD0F4B} = {50F9C7C5-1288-4B59-9CAC-063E96E55771}
		{893A9290-5C62-4A3F-BBA1-5A6C5BF3473B} = {6B620609-C912-4A62-9965-7567BD476817}
		{A5101DBB-A8F2-435C-AA77-2926706CAC77} = {CE50C70A-D48C-43CC-B986-168E12EE9AC4}
	EndGlobalSection
	GlobalSection(ExtensibilityGlobals) = postSolution
		SolutionGuid = {9B6E9CB4-2635-46C4-9552-F52C5E489F66}
	EndGlobalSection
EndGlobal
